
Microsoft Visual Studio Solution File, Format Version 12.00
# Visual Studio Version 16
VisualStudioVersion = 16.0.31624.102
MinimumVisualStudioVersion = 10.0.40219.1
Project("{FAE04EC0-301F-11D3-BF4B-00C04F79EFBC}") = "EisCoreNet", "EisCoreNet.csproj", "{64EB5973-2AEE-4732-A3E8-BCCFD597A08B}"
EndProject
Global
	GlobalSection(SolutionConfigurationPlatforms) = preSolution
		Debug|Any CPU = Debug|Any CPU
		Release|Any CPU = Release|Any CPU
	EndGlobalSection
	GlobalSection(ProjectConfigurationPlatforms) = postSolution
		{64EB5973-2AEE-4732-A3E8-BCCFD597A08B}.Debug|Any CPU.ActiveCfg = Debug|Any CPU
		{64EB5973-2AEE-4732-A3E8-BCCFD597A08B}.Debug|Any CPU.Build.0 = Debug|Any CPU
		{64EB5973-2AEE-4732-A3E8-BCCFD597A08B}.Release|Any CPU.ActiveCfg = Release|Any CPU
		{64EB5973-2AEE-4732-A3E8-BCCFD597A08B}.Release|Any CPU.Build.0 = Release|Any CPU
	EndGlobalSection
	GlobalSection(SolutionProperties) = preSolution
		HideSolutionNode = FALSE
	EndGlobalSection
	GlobalSection(ExtensibilityGlobals) = postSolution
		SolutionGuid = {CAAC2442-7395-4D27-A1E2-D61F3E0E0267}
	EndGlobalSection
EndGlobal
